<?xml version="1.0" encoding="utf-8"?>
<Project ToolsVersion="4.0" xmlns="http://schemas.microsoft.com/developer/msbuild/2003">
  <ItemGroup>
    <ClCompile Include="audio.cpp" />
    <ClCompile Include="barricade.cpp" />
    <ClCompile Include="brave.cpp" />
    <ClCompile Include="console.cpp" />
    <ClCompile Include="dashboard.cpp" />
    <ClCompile Include="enemy.cpp" />
    <ClCompile Include="entity.cpp" />
    <ClCompile Include="fire.cpp" />
    <ClCompile Include="game.cpp" />
    <ClCompile Include="graphics.cpp" />
    <ClCompile Include="Image.cpp" />
    <ClCompile Include="input.cpp" />
    <ClCompile Include="inputDialog.cpp" />
    <ClCompile Include="map.cpp" />
    <ClCompile Include="messageDialog.cpp" />
    <ClCompile Include="rect.cpp" />
    <ClCompile Include="textDX.cpp" />
    <ClCompile Include="textureManager.cpp" />
    <ClCompile Include="towerDiffence.cpp" />
    <ClCompile Include="winmain.cpp" />
    <ClCompile Include="braveAttackCollision.cpp" />
    <ClCompile Include="enemyAttackCollision.cpp" />
    <ClCompile Include="castle.cpp" />
    <ClCompile Include="braveIcon.cpp" />
    <ClCompile Include="hpTextImage.cpp" />
    <ClCompile Include="mpTextImage.cpp" />
    <ClCompile Include="castleIcon.cpp" />
    <ClCompile Include="text.cpp" />
  </ItemGroup>
  <ItemGroup>
    <ClInclude Include="audio.h" />
    <ClInclude Include="barricade.h" />
    <ClInclude Include="brave.h" />
    <ClInclude Include="console.h" />
    <ClInclude Include="constants.h" />
    <ClInclude Include="dashboard.h" />
    <ClInclude Include="enemy.h" />
    <ClInclude Include="entity.h" />
    <ClInclude Include="fire.h" />
    <ClInclude Include="game.h" />
    <ClInclude Include="gameError.h" />
    <ClInclude Include="graphics.h" />
    <ClInclude Include="image.h" />
    <ClInclude Include="input.h" />
    <ClInclude Include="inputDialog.h" />
    <ClInclude Include="map.h" />
    <ClInclude Include="messageDialog.h" />
    <ClInclude Include="rect.h" />
    <ClInclude Include="textDX.h" />
    <ClInclude Include="textureManager.h" />
    <ClInclude Include="towerDiffence.h" />
    <ClInclude Include="braveAttackCollision.h" />
    <ClInclude Include="enemyAttackCollision.h" />
    <ClInclude Include="castle.h" />
    <ClInclude Include="braveIcon.h" />
    <ClInclude Include="hpTextImage.h" />
    <ClInclude Include="mpTextImage.h" />
    <ClInclude Include="castleIcon.h" />
    <ClInclude Include="text.h" />
  </ItemGroup>
</Project>